{
  "requires": true,
  "lockfileVersion": 1,
  "dependencies": {
    "chinese-lexicon": {
      "version": "1.0.40",
      "resolved": "https://registry.npmjs.org/chinese-lexicon/-/chinese-lexicon-1.0.40.tgz",
      "integrity": "sha512-tn2GR/FAxS9RFnuShSVgZgMf7FWey+99G+y2qKEHsDsiEKXgmYKV/buBMxPGLJmnwGd73Q9zQeeDsBU/N8LkRA=="
    }
  }
}
